// !$*UTF8*$!
{
	archiveVersion = 1;
	classes = {
	};
	objectVersion = 47;
	objects = {

/* Begin PBXBuildFile section */
		B42CA8301B71EE4200B7465A /* ThreadView.swift in Sources */ = {isa = PBXBuildFile; fileRef = B42CA82F1B71EE4200B7465A /* ThreadView.swift */; };
		B442B93D1B5519E60088FA0F /* AppDelegate.swift in Sources */ = {isa = PBXBuildFile; fileRef = B442B93C1B5519E60088FA0F /* AppDelegate.swift */; };
		B442B93F1B5519E60088FA0F /* Assets.xcassets in Resources */ = {isa = PBXBuildFile; fileRef = B442B93E1B5519E60088FA0F /* Assets.xcassets */; };
		B442B9421B5519E60088FA0F /* MainMenu.xib in Resources */ = {isa = PBXBuildFile; fileRef = B442B9401B5519E60088FA0F /* MainMenu.xib */; };
		B442B94D1B5519E60088FA0F /* NewsReaderTests.swift in Sources */ = {isa = PBXBuildFile; fileRef = B442B94C1B5519E60088FA0F /* NewsReaderTests.swift */; };
		B442B9581B5519E60088FA0F /* NewsReaderUITests.swift in Sources */ = {isa = PBXBuildFile; fileRef = B442B9571B5519E60088FA0F /* NewsReaderUITests.swift */; };
		B449CE3A1B6D55E3005C02FC /* NewsRC.swift in Sources */ = {isa = PBXBuildFile; fileRef = B449CE391B6D55E3005C02FC /* NewsRC.swift */; };
		B449CE3C1B6D644D005C02FC /* NewsRCTests.swift in Sources */ = {isa = PBXBuildFile; fileRef = B449CE3B1B6D644D005C02FC /* NewsRCTests.swift */; };
		B454CAEF1B7FA1BA0041D910 /* PreferenceWindow.swift in Sources */ = {isa = PBXBuildFile; fileRef = B454CAEE1B7FA1BA0041D910 /* PreferenceWindow.swift */; };
		B454CAF11B8060630041D910 /* Keychain.swift in Sources */ = {isa = PBXBuildFile; fileRef = B454CAF01B8060630041D910 /* Keychain.swift */; };
		B45A81BF1B6502F5005323EC /* Lib.h in Headers */ = {isa = PBXBuildFile; fileRef = B45A81BE1B6502F5005323EC /* Lib.h */; settings = {ATTRIBUTES = (Public, ); }; };
		B45A81C61B6502F5005323EC /* Lib.framework in Frameworks */ = {isa = PBXBuildFile; fileRef = B45A81BC1B6502F5005323EC /* Lib.framework */; };
		B45A81D11B6502F5005323EC /* Lib.framework in Frameworks */ = {isa = PBXBuildFile; fileRef = B45A81BC1B6502F5005323EC /* Lib.framework */; };
		B45A81D21B6502F5005323EC /* Lib.framework in Embed Frameworks */ = {isa = PBXBuildFile; fileRef = B45A81BC1B6502F5005323EC /* Lib.framework */; settings = {ATTRIBUTES = (CodeSignOnCopy, RemoveHeadersOnCopy, ); }; };
		B45A81E21B6503A4005323EC /* News.h in Headers */ = {isa = PBXBuildFile; fileRef = B45A81E11B6503A4005323EC /* News.h */; settings = {ATTRIBUTES = (Public, ); }; };
		B45A81E91B6503A4005323EC /* News.framework in Frameworks */ = {isa = PBXBuildFile; fileRef = B45A81DF1B6503A4005323EC /* News.framework */; };
		B45A81F41B6503A4005323EC /* News.framework in Frameworks */ = {isa = PBXBuildFile; fileRef = B45A81DF1B6503A4005323EC /* News.framework */; };
		B45A81F51B6503A4005323EC /* News.framework in Embed Frameworks */ = {isa = PBXBuildFile; fileRef = B45A81DF1B6503A4005323EC /* News.framework */; settings = {ATTRIBUTES = (CodeSignOnCopy, RemoveHeadersOnCopy, ); }; };
		B45A81FC1B6504AD005323EC /* NSScanner.swift in Sources */ = {isa = PBXBuildFile; fileRef = B442B9651B551B9E0088FA0F /* NSScanner.swift */; };
		B45A81FD1B6504AD005323EC /* BufferedReader.swift in Sources */ = {isa = PBXBuildFile; fileRef = B442B96D1B552ADB0088FA0F /* BufferedReader.swift */; };
		B45A81FE1B6504AD005323EC /* Buffer.swift in Sources */ = {isa = PBXBuildFile; fileRef = B4E047541B5667DA001C8BFF /* Buffer.swift */; };
		B45A81FF1B6504AD005323EC /* NSRunLoop.swift in Sources */ = {isa = PBXBuildFile; fileRef = B4E047561B56E3E4001C8BFF /* NSRunLoop.swift */; };
		B45A82001B6504AD005323EC /* FifoQueue.swift in Sources */ = {isa = PBXBuildFile; fileRef = B4E047501B564CD3001C8BFF /* FifoQueue.swift */; };
		B45A82011B6504AD005323EC /* NSData.swift in Sources */ = {isa = PBXBuildFile; fileRef = B423727F1B5A6A600046B987 /* NSData.swift */; };
		B45A82021B6504AD005323EC /* Promise.swift in Sources */ = {isa = PBXBuildFile; fileRef = B4FF60731B5AB504006D17DA /* Promise.swift */; };
		B45A82031B6504B6005323EC /* PromiseTests.swift in Sources */ = {isa = PBXBuildFile; fileRef = B4FF60751B5ADA6B006D17DA /* PromiseTests.swift */; };
		B45A82041B6504B6005323EC /* BufferedReaderTests.swift in Sources */ = {isa = PBXBuildFile; fileRef = B442B96F1B553EA00088FA0F /* BufferedReaderTests.swift */; };
		B45A82051B6504B6005323EC /* FifoQueueTests.swift in Sources */ = {isa = PBXBuildFile; fileRef = B4E047521B565079001C8BFF /* FifoQueueTests.swift */; };
		B45A82061B6504BD005323EC /* NNTP.swift in Sources */ = {isa = PBXBuildFile; fileRef = B42372701B59951C0046B987 /* NNTP.swift */; };
		B45A82071B6504C3005323EC /* NNTPTests.swift in Sources */ = {isa = PBXBuildFile; fileRef = B4E047581B56E68E001C8BFF /* NNTPTests.swift */; };
		B45A82081B650517005323EC /* Lib.framework in Frameworks */ = {isa = PBXBuildFile; fileRef = B45A81BC1B6502F5005323EC /* Lib.framework */; };
		B45A820A1B6507B2005323EC /* MIME.swift in Sources */ = {isa = PBXBuildFile; fileRef = B45A82091B6507B2005323EC /* MIME.swift */; };
		B45A820C1B652B89005323EC /* String.swift in Sources */ = {isa = PBXBuildFile; fileRef = B45A820B1B652B89005323EC /* String.swift */; };
		B45A820E1B652D0C005323EC /* StringTests.swift in Sources */ = {isa = PBXBuildFile; fileRef = B45A820D1B652D0C005323EC /* StringTests.swift */; };
		B47505C31BA5AD8A00B9BDFD /* EditionWindow.xib in Resources */ = {isa = PBXBuildFile; fileRef = B47505C21BA5AD8A00B9BDFD /* EditionWindow.xib */; settings = {ASSET_TAGS = (); }; };
		B47505C51BA5B5EC00B9BDFD /* EditionWindow.swift in Sources */ = {isa = PBXBuildFile; fileRef = B47505C41BA5B5EC00B9BDFD /* EditionWindow.swift */; settings = {ASSET_TAGS = (); }; };
		B47505C71BA6052300B9BDFD /* GroupTokenDelegate.swift in Sources */ = {isa = PBXBuildFile; fileRef = B47505C61BA6052300B9BDFD /* GroupTokenDelegate.swift */; settings = {ASSET_TAGS = (); }; };
		B47A75AD1B80A2CB008A35E6 /* Article.swift in Sources */ = {isa = PBXBuildFile; fileRef = B47A75AC1B80A2CB008A35E6 /* Article.swift */; };
		B47A75AF1B80AD5C008A35E6 /* Account.swift in Sources */ = {isa = PBXBuildFile; fileRef = B47A75AE1B80AD5C008A35E6 /* Account.swift */; };
		B47A75B11B80C494008A35E6 /* Subscriptions.swift in Sources */ = {isa = PBXBuildFile; fileRef = B47A75B01B80C494008A35E6 /* Subscriptions.swift */; };
		B496839D1B6FE94100982CF0 /* Article.xib in Resources */ = {isa = PBXBuildFile; fileRef = B496839C1B6FE94100982CF0 /* Article.xib */; };
		B4CA69E31B7F7D8200DED623 /* BrowserWindow.swift in Sources */ = {isa = PBXBuildFile; fileRef = B4CA69E21B7F7D8200DED623 /* BrowserWindow.swift */; };
		B4CA69E51B7F7E2200DED623 /* BrowserWindow.xib in Resources */ = {isa = PBXBuildFile; fileRef = B4CA69E41B7F7E2200DED623 /* BrowserWindow.xib */; };
		B4CA69E81B7F921300DED623 /* PreferenceWindow.xib in Resources */ = {isa = PBXBuildFile; fileRef = B4CA69E71B7F921300DED623 /* PreferenceWindow.xib */; };
		B4DDB7F71B88AB8C00D2968F /* Group.swift in Sources */ = {isa = PBXBuildFile; fileRef = B4DDB7F61B88AB8C00D2968F /* Group.swift */; };
		B4DDB7F91B88EE6A00D2968F /* NSUserDefaults.swift in Sources */ = {isa = PBXBuildFile; fileRef = B4DDB7F81B88EE6A00D2968F /* NSUserDefaults.swift */; };
		B4F5646A1B714E2E00AD054B /* ArticleView.swift in Sources */ = {isa = PBXBuildFile; fileRef = B4F564691B714E2E00AD054B /* ArticleView.swift */; };
		B4F5646C1B71522500AD054B /* Thread.xib in Resources */ = {isa = PBXBuildFile; fileRef = B4F5646B1B71522500AD054B /* Thread.xib */; };
/* End PBXBuildFile section */

/* Begin PBXContainerItemProxy section */
		B442B9491B5519E60088FA0F /* PBXContainerItemProxy */ = {
			isa = PBXContainerItemProxy;
			containerPortal = B442B9311B5519E60088FA0F /* Project object */;
			proxyType = 1;
			remoteGlobalIDString = B442B9381B5519E60088FA0F;
			remoteInfo = NewsReader;
		};
		B442B9541B5519E60088FA0F /* PBXContainerItemProxy */ = {
			isa = PBXContainerItemProxy;
			containerPortal = B442B9311B5519E60088FA0F /* Project object */;
			proxyType = 1;
			remoteGlobalIDString = B442B9381B5519E60088FA0F;
			remoteInfo = NewsReader;
		};
		B45A81C71B6502F5005323EC /* PBXContainerItemProxy */ = {
			isa = PBXContainerItemProxy;
			containerPortal = B442B9311B5519E60088FA0F /* Project object */;
			proxyType = 1;
			remoteGlobalIDString = B45A81BB1B6502F5005323EC;
			remoteInfo = Lib;
		};
		B45A81C91B6502F5005323EC /* PBXContainerItemProxy */ = {
			isa = PBXContainerItemProxy;
			containerPortal = B442B9311B5519E60088FA0F /* Project object */;
			proxyType = 1;
			remoteGlobalIDString = B442B9381B5519E60088FA0F;
			remoteInfo = NewsReader;
		};
		B45A81CF1B6502F5005323EC /* PBXContainerItemProxy */ = {
			isa = PBXContainerItemProxy;
			containerPortal = B442B9311B5519E60088FA0F /* Project object */;
			proxyType = 1;
			remoteGlobalIDString = B45A81BB1B6502F5005323EC;
			remoteInfo = Lib;
		};
		B45A81EA1B6503A4005323EC /* PBXContainerItemProxy */ = {
			isa = PBXContainerItemProxy;
			containerPortal = B442B9311B5519E60088FA0F /* Project object */;
			proxyType = 1;
			remoteGlobalIDString = B45A81DE1B6503A4005323EC;
			remoteInfo = News;
		};
		B45A81EC1B6503A4005323EC /* PBXContainerItemProxy */ = {
			isa = PBXContainerItemProxy;
			containerPortal = B442B9311B5519E60088FA0F /* Project object */;
			proxyType = 1;
			remoteGlobalIDString = B442B9381B5519E60088FA0F;
			remoteInfo = NewsReader;
		};
		B45A81F21B6503A4005323EC /* PBXContainerItemProxy */ = {
			isa = PBXContainerItemProxy;
			containerPortal = B442B9311B5519E60088FA0F /* Project object */;
			proxyType = 1;
			remoteGlobalIDString = B45A81DE1B6503A4005323EC;
			remoteInfo = News;
		};
/* End PBXContainerItemProxy section */

/* Begin PBXCopyFilesBuildPhase section */
		B45A81D81B6502F5005323EC /* Embed Frameworks */ = {
			isa = PBXCopyFilesBuildPhase;
			buildActionMask = 2147483647;
			dstPath = "";
			dstSubfolderSpec = 10;
			files = (
				B45A81D21B6502F5005323EC /* Lib.framework in Embed Frameworks */,
				B45A81F51B6503A4005323EC /* News.framework in Embed Frameworks */,
			);
			name = "Embed Frameworks";
			runOnlyForDeploymentPostprocessing = 0;
		};
/* End PBXCopyFilesBuildPhase section */

/* Begin PBXFileReference section */
		B42372701B59951C0046B987 /* NNTP.swift */ = {isa = PBXFileReference; fileEncoding = 4; lastKnownFileType = sourcecode.swift; name = NNTP.swift; path = News/NNTP.swift; sourceTree = SOURCE_ROOT; };
		B423727F1B5A6A600046B987 /* NSData.swift */ = {isa = PBXFileReference; fileEncoding = 4; lastKnownFileType = sourcecode.swift; path = NSData.swift; sourceTree = "<group>"; };
		B42CA82F1B71EE4200B7465A /* ThreadView.swift */ = {isa = PBXFileReference; fileEncoding = 4; lastKnownFileType = sourcecode.swift; path = ThreadView.swift; sourceTree = "<group>"; };
		B442B9391B5519E60088FA0F /* NewsReader.app */ = {isa = PBXFileReference; explicitFileType = wrapper.application; includeInIndex = 0; path = NewsReader.app; sourceTree = BUILT_PRODUCTS_DIR; };
		B442B93C1B5519E60088FA0F /* AppDelegate.swift */ = {isa = PBXFileReference; lastKnownFileType = sourcecode.swift; path = AppDelegate.swift; sourceTree = "<group>"; };
		B442B93E1B5519E60088FA0F /* Assets.xcassets */ = {isa = PBXFileReference; lastKnownFileType = folder.assetcatalog; path = Assets.xcassets; sourceTree = "<group>"; };
		B442B9411B5519E60088FA0F /* Base */ = {isa = PBXFileReference; lastKnownFileType = file.xib; name = Base; path = Base.lproj/MainMenu.xib; sourceTree = "<group>"; };
		B442B9431B5519E60088FA0F /* Info.plist */ = {isa = PBXFileReference; lastKnownFileType = text.plist.xml; path = Info.plist; sourceTree = "<group>"; };
		B442B9481B5519E60088FA0F /* NewsReaderTests.xctest */ = {isa = PBXFileReference; explicitFileType = wrapper.cfbundle; includeInIndex = 0; path = NewsReaderTests.xctest; sourceTree = BUILT_PRODUCTS_DIR; };
		B442B94C1B5519E60088FA0F /* NewsReaderTests.swift */ = {isa = PBXFileReference; lastKnownFileType = sourcecode.swift; path = NewsReaderTests.swift; sourceTree = "<group>"; };
		B442B94E1B5519E60088FA0F /* Info.plist */ = {isa = PBXFileReference; lastKnownFileType = text.plist.xml; path = Info.plist; sourceTree = "<group>"; };
		B442B9531B5519E60088FA0F /* NewsReaderUITests.xctest */ = {isa = PBXFileReference; explicitFileType = wrapper.cfbundle; includeInIndex = 0; path = NewsReaderUITests.xctest; sourceTree = BUILT_PRODUCTS_DIR; };
		B442B9571B5519E60088FA0F /* NewsReaderUITests.swift */ = {isa = PBXFileReference; lastKnownFileType = sourcecode.swift; path = NewsReaderUITests.swift; sourceTree = "<group>"; };
		B442B9591B5519E60088FA0F /* Info.plist */ = {isa = PBXFileReference; lastKnownFileType = text.plist.xml; path = Info.plist; sourceTree = "<group>"; };
		B442B9651B551B9E0088FA0F /* NSScanner.swift */ = {isa = PBXFileReference; fileEncoding = 4; lastKnownFileType = sourcecode.swift; path = NSScanner.swift; sourceTree = "<group>"; };
		B442B96D1B552ADB0088FA0F /* BufferedReader.swift */ = {isa = PBXFileReference; fileEncoding = 4; lastKnownFileType = sourcecode.swift; path = BufferedReader.swift; sourceTree = "<group>"; };
		B442B96F1B553EA00088FA0F /* BufferedReaderTests.swift */ = {isa = PBXFileReference; fileEncoding = 4; lastKnownFileType = sourcecode.swift; path = BufferedReaderTests.swift; sourceTree = "<group>"; };
		B449CE391B6D55E3005C02FC /* NewsRC.swift */ = {isa = PBXFileReference; fileEncoding = 4; lastKnownFileType = sourcecode.swift; path = NewsRC.swift; sourceTree = "<group>"; };
		B449CE3B1B6D644D005C02FC /* NewsRCTests.swift */ = {isa = PBXFileReference; fileEncoding = 4; lastKnownFileType = sourcecode.swift; path = NewsRCTests.swift; sourceTree = "<group>"; };
		B454CAEE1B7FA1BA0041D910 /* PreferenceWindow.swift */ = {isa = PBXFileReference; fileEncoding = 4; lastKnownFileType = sourcecode.swift; path = PreferenceWindow.swift; sourceTree = "<group>"; };
		B454CAF01B8060630041D910 /* Keychain.swift */ = {isa = PBXFileReference; fileEncoding = 4; lastKnownFileType = sourcecode.swift; path = Keychain.swift; sourceTree = "<group>"; };
		B45A81BC1B6502F5005323EC /* Lib.framework */ = {isa = PBXFileReference; explicitFileType = wrapper.framework; includeInIndex = 0; path = Lib.framework; sourceTree = BUILT_PRODUCTS_DIR; };
		B45A81BE1B6502F5005323EC /* Lib.h */ = {isa = PBXFileReference; lastKnownFileType = sourcecode.c.h; path = Lib.h; sourceTree = "<group>"; };
		B45A81C01B6502F5005323EC /* Info.plist */ = {isa = PBXFileReference; lastKnownFileType = text.plist.xml; path = Info.plist; sourceTree = "<group>"; };
		B45A81C51B6502F5005323EC /* LibTests.xctest */ = {isa = PBXFileReference; explicitFileType = wrapper.cfbundle; includeInIndex = 0; path = LibTests.xctest; sourceTree = BUILT_PRODUCTS_DIR; };
		B45A81CE1B6502F5005323EC /* Info.plist */ = {isa = PBXFileReference; lastKnownFileType = text.plist.xml; path = Info.plist; sourceTree = "<group>"; };
		B45A81DF1B6503A4005323EC /* News.framework */ = {isa = PBXFileReference; explicitFileType = wrapper.framework; includeInIndex = 0; path = News.framework; sourceTree = BUILT_PRODUCTS_DIR; };
		B45A81E11B6503A4005323EC /* News.h */ = {isa = PBXFileReference; lastKnownFileType = sourcecode.c.h; path = News.h; sourceTree = "<group>"; };
		B45A81E31B6503A4005323EC /* Info.plist */ = {isa = PBXFileReference; lastKnownFileType = text.plist.xml; path = Info.plist; sourceTree = "<group>"; };
		B45A81E81B6503A4005323EC /* NewsTests.xctest */ = {isa = PBXFileReference; explicitFileType = wrapper.cfbundle; includeInIndex = 0; path = NewsTests.xctest; sourceTree = BUILT_PRODUCTS_DIR; };
		B45A81F11B6503A4005323EC /* Info.plist */ = {isa = PBXFileReference; lastKnownFileType = text.plist.xml; path = Info.plist; sourceTree = "<group>"; };
		B45A82091B6507B2005323EC /* MIME.swift */ = {isa = PBXFileReference; fileEncoding = 4; lastKnownFileType = sourcecode.swift; path = MIME.swift; sourceTree = "<group>"; };
		B45A820B1B652B89005323EC /* String.swift */ = {isa = PBXFileReference; fileEncoding = 4; lastKnownFileType = sourcecode.swift; path = String.swift; sourceTree = "<group>"; };
		B45A820D1B652D0C005323EC /* StringTests.swift */ = {isa = PBXFileReference; fileEncoding = 4; lastKnownFileType = sourcecode.swift; path = StringTests.swift; sourceTree = "<group>"; };
		B47505C21BA5AD8A00B9BDFD /* EditionWindow.xib */ = {isa = PBXFileReference; fileEncoding = 4; lastKnownFileType = file.xib; path = EditionWindow.xib; sourceTree = "<group>"; };
		B47505C41BA5B5EC00B9BDFD /* EditionWindow.swift */ = {isa = PBXFileReference; fileEncoding = 4; lastKnownFileType = sourcecode.swift; path = EditionWindow.swift; sourceTree = "<group>"; };
		B47505C61BA6052300B9BDFD /* GroupTokenDelegate.swift */ = {isa = PBXFileReference; fileEncoding = 4; lastKnownFileType = sourcecode.swift; path = GroupTokenDelegate.swift; sourceTree = "<group>"; };
		B47A75AC1B80A2CB008A35E6 /* Article.swift */ = {isa = PBXFileReference; fileEncoding = 4; lastKnownFileType = sourcecode.swift; path = Article.swift; sourceTree = "<group>"; };
		B47A75AE1B80AD5C008A35E6 /* Account.swift */ = {isa = PBXFileReference; fileEncoding = 4; lastKnownFileType = sourcecode.swift; path = Account.swift; sourceTree = "<group>"; };
		B47A75B01B80C494008A35E6 /* Subscriptions.swift */ = {isa = PBXFileReference; fileEncoding = 4; lastKnownFileType = sourcecode.swift; path = Subscriptions.swift; sourceTree = "<group>"; };
		B496839C1B6FE94100982CF0 /* Article.xib */ = {isa = PBXFileReference; fileEncoding = 4; lastKnownFileType = file.xib; path = Article.xib; sourceTree = "<group>"; };
		B4CA69E21B7F7D8200DED623 /* BrowserWindow.swift */ = {isa = PBXFileReference; fileEncoding = 4; lastKnownFileType = sourcecode.swift; path = BrowserWindow.swift; sourceTree = "<group>"; };
		B4CA69E41B7F7E2200DED623 /* BrowserWindow.xib */ = {isa = PBXFileReference; fileEncoding = 4; lastKnownFileType = file.xib; path = BrowserWindow.xib; sourceTree = "<group>"; };
		B4CA69E71B7F921300DED623 /* PreferenceWindow.xib */ = {isa = PBXFileReference; fileEncoding = 4; lastKnownFileType = file.xib; path = PreferenceWindow.xib; sourceTree = "<group>"; };
		B4DDB7F61B88AB8C00D2968F /* Group.swift */ = {isa = PBXFileReference; fileEncoding = 4; lastKnownFileType = sourcecode.swift; path = Group.swift; sourceTree = "<group>"; };
		B4DDB7F81B88EE6A00D2968F /* NSUserDefaults.swift */ = {isa = PBXFileReference; fileEncoding = 4; lastKnownFileType = sourcecode.swift; path = NSUserDefaults.swift; sourceTree = "<group>"; };
		B4E047501B564CD3001C8BFF /* FifoQueue.swift */ = {isa = PBXFileReference; fileEncoding = 4; lastKnownFileType = sourcecode.swift; path = FifoQueue.swift; sourceTree = "<group>"; };
		B4E047521B565079001C8BFF /* FifoQueueTests.swift */ = {isa = PBXFileReference; fileEncoding = 4; lastKnownFileType = sourcecode.swift; path = FifoQueueTests.swift; sourceTree = "<group>"; };
		B4E047541B5667DA001C8BFF /* Buffer.swift */ = {isa = PBXFileReference; fileEncoding = 4; lastKnownFileType = sourcecode.swift; path = Buffer.swift; sourceTree = "<group>"; };
		B4E047561B56E3E4001C8BFF /* NSRunLoop.swift */ = {isa = PBXFileReference; fileEncoding = 4; lastKnownFileType = sourcecode.swift; path = NSRunLoop.swift; sourceTree = "<group>"; };
		B4E047581B56E68E001C8BFF /* NNTPTests.swift */ = {isa = PBXFileReference; fileEncoding = 4; lastKnownFileType = sourcecode.swift; path = NNTPTests.swift; sourceTree = "<group>"; };
		B4F564691B714E2E00AD054B /* ArticleView.swift */ = {isa = PBXFileReference; fileEncoding = 4; lastKnownFileType = sourcecode.swift; path = ArticleView.swift; sourceTree = "<group>"; };
		B4F5646B1B71522500AD054B /* Thread.xib */ = {isa = PBXFileReference; fileEncoding = 4; lastKnownFileType = file.xib; path = Thread.xib; sourceTree = "<group>"; };
		B4FF60731B5AB504006D17DA /* Promise.swift */ = {isa = PBXFileReference; fileEncoding = 4; lastKnownFileType = sourcecode.swift; path = Promise.swift; sourceTree = "<group>"; };
		B4FF60751B5ADA6B006D17DA /* PromiseTests.swift */ = {isa = PBXFileReference; fileEncoding = 4; lastKnownFileType = sourcecode.swift; path = PromiseTests.swift; sourceTree = "<group>"; };
/* End PBXFileReference section */

/* Begin PBXFrameworksBuildPhase section */
		B442B9361B5519E60088FA0F /* Frameworks */ = {
			isa = PBXFrameworksBuildPhase;
			buildActionMask = 2147483647;
			files = (
				B45A81D11B6502F5005323EC /* Lib.framework in Frameworks */,
				B45A81F41B6503A4005323EC /* News.framework in Frameworks */,
			);
			runOnlyForDeploymentPostprocessing = 0;
		};
		B442B9451B5519E60088FA0F /* Frameworks */ = {
			isa = PBXFrameworksBuildPhase;
			buildActionMask = 2147483647;
			files = (
			);
			runOnlyForDeploymentPostprocessing = 0;
		};
		B442B9501B5519E60088FA0F /* Frameworks */ = {
			isa = PBXFrameworksBuildPhase;
			buildActionMask = 2147483647;
			files = (
			);
			runOnlyForDeploymentPostprocessing = 0;
		};
		B45A81B81B6502F5005323EC /* Frameworks */ = {
			isa = PBXFrameworksBuildPhase;
			buildActionMask = 2147483647;
			files = (
			);
			runOnlyForDeploymentPostprocessing = 0;
		};
		B45A81C21B6502F5005323EC /* Frameworks */ = {
			isa = PBXFrameworksBuildPhase;
			buildActionMask = 2147483647;
			files = (
				B45A81C61B6502F5005323EC /* Lib.framework in Frameworks */,
			);
			runOnlyForDeploymentPostprocessing = 0;
		};
		B45A81DB1B6503A4005323EC /* Frameworks */ = {
			isa = PBXFrameworksBuildPhase;
			buildActionMask = 2147483647;
			files = (
			);
			runOnlyForDeploymentPostprocessing = 0;
		};
		B45A81E51B6503A4005323EC /* Frameworks */ = {
			isa = PBXFrameworksBuildPhase;
			buildActionMask = 2147483647;
			files = (
				B45A82081B650517005323EC /* Lib.framework in Frameworks */,
				B45A81E91B6503A4005323EC /* News.framework in Frameworks */,
			);
			runOnlyForDeploymentPostprocessing = 0;
		};
/* End PBXFrameworksBuildPhase section */

/* Begin PBXGroup section */
		B442B9301B5519E60088FA0F = {
			isa = PBXGroup;
			children = (
				B442B93B1B5519E60088FA0F /* NewsReader */,
				B45A81BD1B6502F5005323EC /* Lib */,
				B45A81E01B6503A4005323EC /* News */,
				B442B93A1B5519E60088FA0F /* Products */,
			);
			sourceTree = "<group>";
		};
		B442B93A1B5519E60088FA0F /* Products */ = {
			isa = PBXGroup;
			children = (
				B442B9391B5519E60088FA0F /* NewsReader.app */,
				B442B9481B5519E60088FA0F /* NewsReaderTests.xctest */,
				B442B9531B5519E60088FA0F /* NewsReaderUITests.xctest */,
				B45A81BC1B6502F5005323EC /* Lib.framework */,
				B45A81C51B6502F5005323EC /* LibTests.xctest */,
				B45A81DF1B6503A4005323EC /* News.framework */,
				B45A81E81B6503A4005323EC /* NewsTests.xctest */,
			);
			name = Products;
			sourceTree = "<group>";
		};
		B442B93B1B5519E60088FA0F /* NewsReader */ = {
			isa = PBXGroup;
			children = (
				B442B93C1B5519E60088FA0F /* AppDelegate.swift */,
				B47505C61BA6052300B9BDFD /* GroupTokenDelegate.swift */,
				B442B93E1B5519E60088FA0F /* Assets.xcassets */,
				B442B9401B5519E60088FA0F /* MainMenu.xib */,
				B442B9431B5519E60088FA0F /* Info.plist */,
				B4DDB7F51B88AB7300D2968F /* Model */,
				B4CA69E11B7F7B3700DED623 /* BrowserWindow */,
				B47505C11BA5AD5F00B9BDFD /* EditionWindow */,
				B4CA69E61B7F91F400DED623 /* PreferenceWindow */,
				B4CA69DE1B7F73D300DED623 /* Tests */,
			);
			path = NewsReader;
			sourceTree = "<group>";
		};
		B442B94B1B5519E60088FA0F /* Unit */ = {
			isa = PBXGroup;
			children = (
				B442B94C1B5519E60088FA0F /* NewsReaderTests.swift */,
				B442B94E1B5519E60088FA0F /* Info.plist */,
			);
			name = Unit;
			path = NewsReaderTests;
			sourceTree = SOURCE_ROOT;
		};
		B442B9561B5519E60088FA0F /* UI */ = {
			isa = PBXGroup;
			children = (
				B442B9571B5519E60088FA0F /* NewsReaderUITests.swift */,
				B442B9591B5519E60088FA0F /* Info.plist */,
			);
			name = UI;
			path = NewsReaderUITests;
			sourceTree = SOURCE_ROOT;
		};
		B45A81BD1B6502F5005323EC /* Lib */ = {
			isa = PBXGroup;
			children = (
				B45A81BE1B6502F5005323EC /* Lib.h */,
				B442B9651B551B9E0088FA0F /* NSScanner.swift */,
				B442B96D1B552ADB0088FA0F /* BufferedReader.swift */,
				B4E047541B5667DA001C8BFF /* Buffer.swift */,
				B4DDB7F81B88EE6A00D2968F /* NSUserDefaults.swift */,
				B4E047561B56E3E4001C8BFF /* NSRunLoop.swift */,
				B4E047501B564CD3001C8BFF /* FifoQueue.swift */,
				B423727F1B5A6A600046B987 /* NSData.swift */,
				B4FF60731B5AB504006D17DA /* Promise.swift */,
				B45A820B1B652B89005323EC /* String.swift */,
				B454CAF01B8060630041D910 /* Keychain.swift */,
				B45A81C01B6502F5005323EC /* Info.plist */,
				B45A81CB1B6502F5005323EC /* Tests */,
			);
			path = Lib;
			sourceTree = "<group>";
		};
		B45A81CB1B6502F5005323EC /* Tests */ = {
			isa = PBXGroup;
			children = (
				B4FF60751B5ADA6B006D17DA /* PromiseTests.swift */,
				B442B96F1B553EA00088FA0F /* BufferedReaderTests.swift */,
				B4E047521B565079001C8BFF /* FifoQueueTests.swift */,
				B45A820D1B652D0C005323EC /* StringTests.swift */,
				B45A81CE1B6502F5005323EC /* Info.plist */,
			);
			name = Tests;
			path = LibTests;
			sourceTree = SOURCE_ROOT;
		};
		B45A81E01B6503A4005323EC /* News */ = {
			isa = PBXGroup;
			children = (
				B45A81E11B6503A4005323EC /* News.h */,
				B42372701B59951C0046B987 /* NNTP.swift */,
				B45A82091B6507B2005323EC /* MIME.swift */,
				B449CE391B6D55E3005C02FC /* NewsRC.swift */,
				B45A81E31B6503A4005323EC /* Info.plist */,
				B45A81EE1B6503A4005323EC /* Tests */,
			);
			path = News;
			sourceTree = "<group>";
		};
		B45A81EE1B6503A4005323EC /* Tests */ = {
			isa = PBXGroup;
			children = (
				B4E047581B56E68E001C8BFF /* NNTPTests.swift */,
				B449CE3B1B6D644D005C02FC /* NewsRCTests.swift */,
				B45A81F11B6503A4005323EC /* Info.plist */,
			);
			name = Tests;
			path = NewsTests;
			sourceTree = SOURCE_ROOT;
		};
		B47505C11BA5AD5F00B9BDFD /* EditionWindow */ = {
			isa = PBXGroup;
			children = (
				B47505C41BA5B5EC00B9BDFD /* EditionWindow.swift */,
				B47505C21BA5AD8A00B9BDFD /* EditionWindow.xib */,
			);
			name = EditionWindow;
			sourceTree = "<group>";
		};
		B4CA69DE1B7F73D300DED623 /* Tests */ = {
			isa = PBXGroup;
			children = (
				B442B9561B5519E60088FA0F /* UI */,
				B442B94B1B5519E60088FA0F /* Unit */,
			);
			name = Tests;
			sourceTree = "<group>";
		};
		B4CA69E11B7F7B3700DED623 /* BrowserWindow */ = {
			isa = PBXGroup;
			children = (
				B4F564691B714E2E00AD054B /* ArticleView.swift */,
				B496839C1B6FE94100982CF0 /* Article.xib */,
				B42CA82F1B71EE4200B7465A /* ThreadView.swift */,
				B4F5646B1B71522500AD054B /* Thread.xib */,
				B4CA69E21B7F7D8200DED623 /* BrowserWindow.swift */,
				B4CA69E41B7F7E2200DED623 /* BrowserWindow.xib */,
			);
			name = BrowserWindow;
			sourceTree = "<group>";
		};
		B4CA69E61B7F91F400DED623 /* PreferenceWindow */ = {
			isa = PBXGroup;
			children = (
				B4CA69E71B7F921300DED623 /* PreferenceWindow.xib */,
				B454CAEE1B7FA1BA0041D910 /* PreferenceWindow.swift */,
				B47A75B01B80C494008A35E6 /* Subscriptions.swift */,
			);
			name = PreferenceWindow;
			sourceTree = "<group>";
		};
		B4DDB7F51B88AB7300D2968F /* Model */ = {
			isa = PBXGroup;
			children = (
				B47A75AE1B80AD5C008A35E6 /* Account.swift */,
				B4DDB7F61B88AB8C00D2968F /* Group.swift */,
				B47A75AC1B80A2CB008A35E6 /* Article.swift */,
			);
			name = Model;
			sourceTree = "<group>";
		};
/* End PBXGroup section */

/* Begin PBXHeadersBuildPhase section */
		B45A81B91B6502F5005323EC /* Headers */ = {
			isa = PBXHeadersBuildPhase;
			buildActionMask = 2147483647;
			files = (
				B45A81BF1B6502F5005323EC /* Lib.h in Headers */,
				B45A81E21B6503A4005323EC /* News.h in Headers */,
			);
			runOnlyForDeploymentPostprocessing = 0;
		};
		B45A81DC1B6503A4005323EC /* Headers */ = {
			isa = PBXHeadersBuildPhase;
			buildActionMask = 2147483647;
			files = (
			);
			runOnlyForDeploymentPostprocessing = 0;
		};
/* End PBXHeadersBuildPhase section */

/* Begin PBXNativeTarget section */
		B442B9381B5519E60088FA0F /* NewsReader */ = {
			isa = PBXNativeTarget;
			buildConfigurationList = B442B95C1B5519E60088FA0F /* Build configuration list for PBXNativeTarget "NewsReader" */;
			buildPhases = (
				B442B9351B5519E60088FA0F /* Sources */,
				B442B9361B5519E60088FA0F /* Frameworks */,
				B442B9371B5519E60088FA0F /* Resources */,
				B45A81D81B6502F5005323EC /* Embed Frameworks */,
			);
			buildRules = (
			);
			dependencies = (
				B45A81D01B6502F5005323EC /* PBXTargetDependency */,
				B45A81F31B6503A4005323EC /* PBXTargetDependency */,
			);
			name = NewsReader;
			productName = NewsReader;
			productReference = B442B9391B5519E60088FA0F /* NewsReader.app */;
			productType = "com.apple.product-type.application";
		};
		B442B9471B5519E60088FA0F /* NewsReaderTests */ = {
			isa = PBXNativeTarget;
			buildConfigurationList = B442B95F1B5519E60088FA0F /* Build configuration list for PBXNativeTarget "NewsReaderTests" */;
			buildPhases = (
				B442B9441B5519E60088FA0F /* Sources */,
				B442B9451B5519E60088FA0F /* Frameworks */,
				B442B9461B5519E60088FA0F /* Resources */,
			);
			buildRules = (
			);
			dependencies = (
				B442B94A1B5519E60088FA0F /* PBXTargetDependency */,
			);
			name = NewsReaderTests;
			productName = NewsReaderTests;
			productReference = B442B9481B5519E60088FA0F /* NewsReaderTests.xctest */;
			productType = "com.apple.product-type.bundle.unit-test";
		};
		B442B9521B5519E60088FA0F /* NewsReaderUITests */ = {
			isa = PBXNativeTarget;
			buildConfigurationList = B442B9621B5519E60088FA0F /* Build configuration list for PBXNativeTarget "NewsReaderUITests" */;
			buildPhases = (
				B442B94F1B5519E60088FA0F /* Sources */,
				B442B9501B5519E60088FA0F /* Frameworks */,
				B442B9511B5519E60088FA0F /* Resources */,
			);
			buildRules = (
			);
			dependencies = (
				B442B9551B5519E60088FA0F /* PBXTargetDependency */,
			);
			name = NewsReaderUITests;
			productName = NewsReaderUITests;
			productReference = B442B9531B5519E60088FA0F /* NewsReaderUITests.xctest */;
			productType = "com.apple.product-type.bundle.ui-testing";
		};
		B45A81BB1B6502F5005323EC /* Lib */ = {
			isa = PBXNativeTarget;
			buildConfigurationList = B45A81D71B6502F5005323EC /* Build configuration list for PBXNativeTarget "Lib" */;
			buildPhases = (
				B45A81B71B6502F5005323EC /* Sources */,
				B45A81B81B6502F5005323EC /* Frameworks */,
				B45A81B91B6502F5005323EC /* Headers */,
				B45A81BA1B6502F5005323EC /* Resources */,
			);
			buildRules = (
			);
			dependencies = (
			);
			name = Lib;
			productName = Lib;
			productReference = B45A81BC1B6502F5005323EC /* Lib.framework */;
			productType = "com.apple.product-type.framework";
		};
		B45A81C41B6502F5005323EC /* LibTests */ = {
			isa = PBXNativeTarget;
			buildConfigurationList = B45A81D91B6502F5005323EC /* Build configuration list for PBXNativeTarget "LibTests" */;
			buildPhases = (
				B45A81C11B6502F5005323EC /* Sources */,
				B45A81C21B6502F5005323EC /* Frameworks */,
				B45A81C31B6502F5005323EC /* Resources */,
			);
			buildRules = (
			);
			dependencies = (
				B45A81C81B6502F5005323EC /* PBXTargetDependency */,
				B45A81CA1B6502F5005323EC /* PBXTargetDependency */,
			);
			name = LibTests;
			productName = LibTests;
			productReference = B45A81C51B6502F5005323EC /* LibTests.xctest */;
			productType = "com.apple.product-type.bundle.unit-test";
		};
		B45A81DE1B6503A4005323EC /* News */ = {
			isa = PBXNativeTarget;
			buildConfigurationList = B45A81F61B6503A4005323EC /* Build configuration list for PBXNativeTarget "News" */;
			buildPhases = (
				B45A81DA1B6503A4005323EC /* Sources */,
				B45A81DB1B6503A4005323EC /* Frameworks */,
				B45A81DC1B6503A4005323EC /* Headers */,
				B45A81DD1B6503A4005323EC /* Resources */,
			);
			buildRules = (
			);
			dependencies = (
			);
			name = News;
			productName = News;
			productReference = B45A81DF1B6503A4005323EC /* News.framework */;
			productType = "com.apple.product-type.framework";
		};
		B45A81E71B6503A4005323EC /* NewsTests */ = {
			isa = PBXNativeTarget;
			buildConfigurationList = B45A81F91B6503A4005323EC /* Build configuration list for PBXNativeTarget "NewsTests" */;
			buildPhases = (
				B45A81E41B6503A4005323EC /* Sources */,
				B45A81E51B6503A4005323EC /* Frameworks */,
				B45A81E61B6503A4005323EC /* Resources */,
			);
			buildRules = (
			);
			dependencies = (
				B45A81EB1B6503A4005323EC /* PBXTargetDependency */,
				B45A81ED1B6503A4005323EC /* PBXTargetDependency */,
			);
			name = NewsTests;
			productName = NewsTests;
			productReference = B45A81E81B6503A4005323EC /* NewsTests.xctest */;
			productType = "com.apple.product-type.bundle.unit-test";
		};
/* End PBXNativeTarget section */

/* Begin PBXProject section */
		B442B9311B5519E60088FA0F /* Project object */ = {
			isa = PBXProject;
			attributes = {
				LastUpgradeCheck = 0700;
				ORGANIZATIONNAME = "Florent Bruneau";
				TargetAttributes = {
					B442B9381B5519E60088FA0F = {
						CreatedOnToolsVersion = 7.0;
					};
					B442B9471B5519E60088FA0F = {
						CreatedOnToolsVersion = 7.0;
						TestTargetID = B442B9381B5519E60088FA0F;
					};
					B442B9521B5519E60088FA0F = {
						CreatedOnToolsVersion = 7.0;
						TestTargetID = B442B9381B5519E60088FA0F;
					};
					B45A81BB1B6502F5005323EC = {
						CreatedOnToolsVersion = 7.0;
					};
					B45A81C41B6502F5005323EC = {
						CreatedOnToolsVersion = 7.0;
						TestTargetID = B442B9381B5519E60088FA0F;
					};
					B45A81DE1B6503A4005323EC = {
						CreatedOnToolsVersion = 7.0;
					};
					B45A81E71B6503A4005323EC = {
						CreatedOnToolsVersion = 7.0;
						TestTargetID = B442B9381B5519E60088FA0F;
					};
				};
			};
			buildConfigurationList = B442B9341B5519E60088FA0F /* Build configuration list for PBXProject "NewsReader" */;
			compatibilityVersion = "Xcode 6.3";
			developmentRegion = English;
			hasScannedForEncodings = 0;
			knownRegions = (
				en,
				Base,
			);
			mainGroup = B442B9301B5519E60088FA0F;
			productRefGroup = B442B93A1B5519E60088FA0F /* Products */;
			projectDirPath = "";
			projectRoot = "";
			targets = (
				B442B9381B5519E60088FA0F /* NewsReader */,
				B442B9471B5519E60088FA0F /* NewsReaderTests */,
				B442B9521B5519E60088FA0F /* NewsReaderUITests */,
				B45A81BB1B6502F5005323EC /* Lib */,
				B45A81C41B6502F5005323EC /* LibTests */,
				B45A81DE1B6503A4005323EC /* News */,
				B45A81E71B6503A4005323EC /* NewsTests */,
			);
		};
/* End PBXProject section */

/* Begin PBXResourcesBuildPhase section */
		B442B9371B5519E60088FA0F /* Resources */ = {
			isa = PBXResourcesBuildPhase;
			buildActionMask = 2147483647;
			files = (
				B442B93F1B5519E60088FA0F /* Assets.xcassets in Resources */,
				B496839D1B6FE94100982CF0 /* Article.xib in Resources */,
				B442B9421B5519E60088FA0F /* MainMenu.xib in Resources */,
				B4F5646C1B71522500AD054B /* Thread.xib in Resources */,
				B4CA69E51B7F7E2200DED623 /* BrowserWindow.xib in Resources */,
				B47505C31BA5AD8A00B9BDFD /* EditionWindow.xib in Resources */,
				B4CA69E81B7F921300DED623 /* PreferenceWindow.xib in Resources */,
			);
			runOnlyForDeploymentPostprocessing = 0;
		};
		B442B9461B5519E60088FA0F /* Resources */ = {
			isa = PBXResourcesBuildPhase;
			buildActionMask = 2147483647;
			files = (
			);
			runOnlyForDeploymentPostprocessing = 0;
		};
		B442B9511B5519E60088FA0F /* Resources */ = {
			isa = PBXResourcesBuildPhase;
			buildActionMask = 2147483647;
			files = (
			);
			runOnlyForDeploymentPostprocessing = 0;
		};
		B45A81BA1B6502F5005323EC /* Resources */ = {
			isa = PBXResourcesBuildPhase;
			buildActionMask = 2147483647;
			files = (
			);
			runOnlyForDeploymentPostprocessing = 0;
		};
		B45A81C31B6502F5005323EC /* Resources */ = {
			isa = PBXResourcesBuildPhase;
			buildActionMask = 2147483647;
			files = (
			);
			runOnlyForDeploymentPostprocessing = 0;
		};
		B45A81DD1B6503A4005323EC /* Resources */ = {
			isa = PBXResourcesBuildPhase;
			buildActionMask = 2147483647;
			files = (
			);
			runOnlyForDeploymentPostprocessing = 0;
		};
		B45A81E61B6503A4005323EC /* Resources */ = {
			isa = PBXResourcesBuildPhase;
			buildActionMask = 2147483647;
			files = (
			);
			runOnlyForDeploymentPostprocessing = 0;
		};
/* End PBXResourcesBuildPhase section */

/* Begin PBXSourcesBuildPhase section */
		B442B9351B5519E60088FA0F /* Sources */ = {
			isa = PBXSourcesBuildPhase;
			buildActionMask = 2147483647;
			files = (
				B4DDB7F71B88AB8C00D2968F /* Group.swift in Sources */,
				B42CA8301B71EE4200B7465A /* ThreadView.swift in Sources */,
				B47505C51BA5B5EC00B9BDFD /* EditionWindow.swift in Sources */,
				B454CAEF1B7FA1BA0041D910 /* PreferenceWindow.swift in Sources */,
				B47505C71BA6052300B9BDFD /* GroupTokenDelegate.swift in Sources */,
				B442B93D1B5519E60088FA0F /* AppDelegate.swift in Sources */,
				B47A75AD1B80A2CB008A35E6 /* Article.swift in Sources */,
				B4CA69E31B7F7D8200DED623 /* BrowserWindow.swift in Sources */,
				B4F5646A1B714E2E00AD054B /* ArticleView.swift in Sources */,
				B47A75B11B80C494008A35E6 /* Subscriptions.swift in Sources */,
				B47A75AF1B80AD5C008A35E6 /* Account.swift in Sources */,
			);
			runOnlyForDeploymentPostprocessing = 0;
		};
		B442B9441B5519E60088FA0F /* Sources */ = {
			isa = PBXSourcesBuildPhase;
			buildActionMask = 2147483647;
			files = (
				B442B94D1B5519E60088FA0F /* NewsReaderTests.swift in Sources */,
			);
			runOnlyForDeploymentPostprocessing = 0;
		};
		B442B94F1B5519E60088FA0F /* Sources */ = {
			isa = PBXSourcesBuildPhase;
			buildActionMask = 2147483647;
			files = (
				B442B9581B5519E60088FA0F /* NewsReaderUITests.swift in Sources */,
			);
			runOnlyForDeploymentPostprocessing = 0;
		};
		B45A81B71B6502F5005323EC /* Sources */ = {
			isa = PBXSourcesBuildPhase;
			buildActionMask = 2147483647;
			files = (
				B45A81FC1B6504AD005323EC /* NSScanner.swift in Sources */,
				B45A81FD1B6504AD005323EC /* BufferedReader.swift in Sources */,
				B45A81FE1B6504AD005323EC /* Buffer.swift in Sources */,
				B45A81FF1B6504AD005323EC /* NSRunLoop.swift in Sources */,
				B45A82001B6504AD005323EC /* FifoQueue.swift in Sources */,
				B4DDB7F91B88EE6A00D2968F /* NSUserDefaults.swift in Sources */,
				B454CAF11B8060630041D910 /* Keychain.swift in Sources */,
				B45A820C1B652B89005323EC /* String.swift in Sources */,
				B45A82011B6504AD005323EC /* NSData.swift in Sources */,
				B45A82021B6504AD005323EC /* Promise.swift in Sources */,
			);
			runOnlyForDeploymentPostprocessing = 0;
		};
		B45A81C11B6502F5005323EC /* Sources */ = {
			isa = PBXSourcesBuildPhase;
			buildActionMask = 2147483647;
			files = (
				B45A82031B6504B6005323EC /* PromiseTests.swift in Sources */,
				B45A82041B6504B6005323EC /* BufferedReaderTests.swift in Sources */,
				B45A820E1B652D0C005323EC /* StringTests.swift in Sources */,
				B45A82051B6504B6005323EC /* FifoQueueTests.swift in Sources */,
			);
			runOnlyForDeploymentPostprocessing = 0;
		};
		B45A81DA1B6503A4005323EC /* Sources */ = {
			isa = PBXSourcesBuildPhase;
			buildActionMask = 2147483647;
			files = (
				B449CE3A1B6D55E3005C02FC /* NewsRC.swift in Sources */,
				B45A82061B6504BD005323EC /* NNTP.swift in Sources */,
				B45A820A1B6507B2005323EC /* MIME.swift in Sources */,
			);
			runOnlyForDeploymentPostprocessing = 0;
		};
		B45A81E41B6503A4005323EC /* Sources */ = {
			isa = PBXSourcesBuildPhase;
			buildActionMask = 2147483647;
			files = (
				B45A82071B6504C3005323EC /* NNTPTests.swift in Sources */,
				B449CE3C1B6D644D005C02FC /* NewsRCTests.swift in Sources */,
			);
			runOnlyForDeploymentPostprocessing = 0;
		};
/* End PBXSourcesBuildPhase section */

/* Begin PBXTargetDependency section */
		B442B94A1B5519E60088FA0F /* PBXTargetDependency */ = {
			isa = PBXTargetDependency;
			target = B442B9381B5519E60088FA0F /* NewsReader */;
			targetProxy = B442B9491B5519E60088FA0F /* PBXContainerItemProxy */;
		};
		B442B9551B5519E60088FA0F /* PBXTargetDependency */ = {
			isa = PBXTargetDependency;
			target = B442B9381B5519E60088FA0F /* NewsReader */;
			targetProxy = B442B9541B5519E60088FA0F /* PBXContainerItemProxy */;
		};
		B45A81C81B6502F5005323EC /* PBXTargetDependency */ = {
			isa = PBXTargetDependency;
			target = B45A81BB1B6502F5005323EC /* Lib */;
			targetProxy = B45A81C71B6502F5005323EC /* PBXContainerItemProxy */;
		};
		B45A81CA1B6502F5005323EC /* PBXTargetDependency */ = {
			isa = PBXTargetDependency;
			target = B442B9381B5519E60088FA0F /* NewsReader */;
			targetProxy = B45A81C91B6502F5005323EC /* PBXContainerItemProxy */;
		};
		B45A81D01B6502F5005323EC /* PBXTargetDependency */ = {
			isa = PBXTargetDependency;
			target = B45A81BB1B6502F5005323EC /* Lib */;
			targetProxy = B45A81CF1B6502F5005323EC /* PBXContainerItemProxy */;
		};
		B45A81EB1B6503A4005323EC /* PBXTargetDependency */ = {
			isa = PBXTargetDependency;
			target = B45A81DE1B6503A4005323EC /* News */;
			targetProxy = B45A81EA1B6503A4005323EC /* PBXContainerItemProxy */;
		};
		B45A81ED1B6503A4005323EC /* PBXTargetDependency */ = {
			isa = PBXTargetDependency;
			target = B442B9381B5519E60088FA0F /* NewsReader */;
			targetProxy = B45A81EC1B6503A4005323EC /* PBXContainerItemProxy */;
		};
		B45A81F31B6503A4005323EC /* PBXTargetDependency */ = {
			isa = PBXTargetDependency;
			target = B45A81DE1B6503A4005323EC /* News */;
			targetProxy = B45A81F21B6503A4005323EC /* PBXContainerItemProxy */;
		};
/* End PBXTargetDependency section */

/* Begin PBXVariantGroup section */
		B442B9401B5519E60088FA0F /* MainMenu.xib */ = {
			isa = PBXVariantGroup;
			children = (
				B442B9411B5519E60088FA0F /* Base */,
			);
			name = MainMenu.xib;
			sourceTree = "<group>";
		};
/* End PBXVariantGroup section */

/* Begin XCBuildConfiguration section */
		B442B95A1B5519E60088FA0F /* Debug */ = {
			isa = XCBuildConfiguration;
			buildSettings = {
				ALWAYS_SEARCH_USER_PATHS = NO;
				CLANG_CXX_LANGUAGE_STANDARD = "gnu++0x";
				CLANG_CXX_LIBRARY = "libc++";
				CLANG_ENABLE_MODULES = YES;
				CLANG_ENABLE_OBJC_ARC = YES;
				CLANG_WARN_BOOL_CONVERSION = YES;
				CLANG_WARN_CONSTANT_CONVERSION = YES;
				CLANG_WARN_DIRECT_OBJC_ISA_USAGE = YES_ERROR;
				CLANG_WARN_EMPTY_BODY = YES;
				CLANG_WARN_ENUM_CONVERSION = YES;
				CLANG_WARN_INT_CONVERSION = YES;
				CLANG_WARN_OBJC_ROOT_CLASS = YES_ERROR;
				CLANG_WARN_UNREACHABLE_CODE = YES;
				CLANG_WARN__DUPLICATE_METHOD_MATCH = YES;
				CODE_SIGN_IDENTITY = "-";
				COPY_PHASE_STRIP = NO;
				DEBUG_INFORMATION_FORMAT = dwarf;
				ENABLE_STRICT_OBJC_MSGSEND = YES;
				ENABLE_TESTABILITY = YES;
				GCC_C_LANGUAGE_STANDARD = gnu99;
				GCC_DYNAMIC_NO_PIC = NO;
				GCC_NO_COMMON_BLOCKS = YES;
				GCC_OPTIMIZATION_LEVEL = 0;
				GCC_PREPROCESSOR_DEFINITIONS = (
					"DEBUG=1",
					"$(inherited)",
				);
				GCC_WARN_64_TO_32_BIT_CONVERSION = YES;
				GCC_WARN_ABOUT_RETURN_TYPE = YES_ERROR;
				GCC_WARN_UNDECLARED_SELECTOR = YES;
				GCC_WARN_UNINITIALIZED_AUTOS = YES_AGGRESSIVE;
				GCC_WARN_UNUSED_FUNCTION = YES;
				GCC_WARN_UNUSED_VARIABLE = YES;
				MACOSX_DEPLOYMENT_TARGET = 10.11;
				MTL_ENABLE_DEBUG_INFO = YES;
				ONLY_ACTIVE_ARCH = YES;
				SDKROOT = macosx;
				SWIFT_OPTIMIZATION_LEVEL = "-Onone";
			};
			name = Debug;
		};
		B442B95B1B5519E60088FA0F /* Release */ = {
			isa = XCBuildConfiguration;
			buildSettings = {
				ALWAYS_SEARCH_USER_PATHS = NO;
				CLANG_CXX_LANGUAGE_STANDARD = "gnu++0x";
				CLANG_CXX_LIBRARY = "libc++";
				CLANG_ENABLE_MODULES = YES;
				CLANG_ENABLE_OBJC_ARC = YES;
				CLANG_WARN_BOOL_CONVERSION = YES;
				CLANG_WARN_CONSTANT_CONVERSION = YES;
				CLANG_WARN_DIRECT_OBJC_ISA_USAGE = YES_ERROR;
				CLANG_WARN_EMPTY_BODY = YES;
				CLANG_WARN_ENUM_CONVERSION = YES;
				CLANG_WARN_INT_CONVERSION = YES;
				CLANG_WARN_OBJC_ROOT_CLASS = YES_ERROR;
				CLANG_WARN_UNREACHABLE_CODE = YES;
				CLANG_WARN__DUPLICATE_METHOD_MATCH = YES;
				CODE_SIGN_IDENTITY = "-";
				COPY_PHASE_STRIP = NO;
				DEBUG_INFORMATION_FORMAT = "dwarf-with-dsym";
				ENABLE_NS_ASSERTIONS = NO;
				ENABLE_STRICT_OBJC_MSGSEND = YES;
				GCC_C_LANGUAGE_STANDARD = gnu99;
				GCC_NO_COMMON_BLOCKS = YES;
				GCC_WARN_64_TO_32_BIT_CONVERSION = YES;
				GCC_WARN_ABOUT_RETURN_TYPE = YES_ERROR;
				GCC_WARN_UNDECLARED_SELECTOR = YES;
				GCC_WARN_UNINITIALIZED_AUTOS = YES_AGGRESSIVE;
				GCC_WARN_UNUSED_FUNCTION = YES;
				GCC_WARN_UNUSED_VARIABLE = YES;
				MACOSX_DEPLOYMENT_TARGET = 10.11;
				MTL_ENABLE_DEBUG_INFO = NO;
				SDKROOT = macosx;
			};
			name = Release;
		};
		B442B95D1B5519E60088FA0F /* Debug */ = {
			isa = XCBuildConfiguration;
			buildSettings = {
				ASSETCATALOG_COMPILER_APPICON_NAME = AppIcon;
				COMBINE_HIDPI_IMAGES = YES;
				EMBEDDED_CONTENT_CONTAINS_SWIFT = YES;
				INFOPLIST_FILE = NewsReader/Info.plist;
				LD_RUNPATH_SEARCH_PATHS = "$(inherited) @executable_path/../Frameworks";
				PRODUCT_BUNDLE_IDENTIFIER = fr.mymind.NewsReader;
				PRODUCT_NAME = "$(TARGET_NAME)";
			};
			name = Debug;
		};
		B442B95E1B5519E60088FA0F /* Release */ = {
			isa = XCBuildConfiguration;
			buildSettings = {
				ASSETCATALOG_COMPILER_APPICON_NAME = AppIcon;
				COMBINE_HIDPI_IMAGES = YES;
				EMBEDDED_CONTENT_CONTAINS_SWIFT = YES;
				INFOPLIST_FILE = NewsReader/Info.plist;
				LD_RUNPATH_SEARCH_PATHS = "$(inherited) @executable_path/../Frameworks";
				PRODUCT_BUNDLE_IDENTIFIER = fr.mymind.NewsReader;
				PRODUCT_NAME = "$(TARGET_NAME)";
			};
			name = Release;
		};
		B442B9601B5519E60088FA0F /* Debug */ = {
			isa = XCBuildConfiguration;
			buildSettings = {
				BUNDLE_LOADER = "$(TEST_HOST)";
				COMBINE_HIDPI_IMAGES = YES;
				INFOPLIST_FILE = NewsReaderTests/Info.plist;
				LD_RUNPATH_SEARCH_PATHS = "$(inherited) @executable_path/../Frameworks @loader_path/../Frameworks";
				PRODUCT_BUNDLE_IDENTIFIER = fr.mymind.NewsReaderTests;
				PRODUCT_NAME = "$(TARGET_NAME)";
				TEST_HOST = "$(BUILT_PRODUCTS_DIR)/NewsReader.app/Contents/MacOS/NewsReader";
			};
			name = Debug;
		};
		B442B9611B5519E60088FA0F /* Release */ = {
			isa = XCBuildConfiguration;
			buildSettings = {
				BUNDLE_LOADER = "$(TEST_HOST)";
				COMBINE_HIDPI_IMAGES = YES;
				INFOPLIST_FILE = NewsReaderTests/Info.plist;
				LD_RUNPATH_SEARCH_PATHS = "$(inherited) @executable_path/../Frameworks @loader_path/../Frameworks";
				PRODUCT_BUNDLE_IDENTIFIER = fr.mymind.NewsReaderTests;
				PRODUCT_NAME = "$(TARGET_NAME)";
				TEST_HOST = "$(BUILT_PRODUCTS_DIR)/NewsReader.app/Contents/MacOS/NewsReader";
			};
			name = Release;
		};
		B442B9631B5519E60088FA0F /* Debug */ = {
			isa = XCBuildConfiguration;
			buildSettings = {
				COMBINE_HIDPI_IMAGES = YES;
				INFOPLIST_FILE = NewsReaderUITests/Info.plist;
				LD_RUNPATH_SEARCH_PATHS = "$(inherited) @executable_path/../Frameworks @loader_path/../Frameworks";
				PRODUCT_BUNDLE_IDENTIFIER = fr.mymind.NewsReaderUITests;
				PRODUCT_NAME = "$(TARGET_NAME)";
				TEST_TARGET_NAME = NewsReader;
				USES_XCTRUNNER = YES;
			};
			name = Debug;
		};
		B442B9641B5519E60088FA0F /* Release */ = {
			isa = XCBuildConfiguration;
			buildSettings = {
				COMBINE_HIDPI_IMAGES = YES;
				INFOPLIST_FILE = NewsReaderUITests/Info.plist;
				LD_RUNPATH_SEARCH_PATHS = "$(inherited) @executable_path/../Frameworks @loader_path/../Frameworks";
				PRODUCT_BUNDLE_IDENTIFIER = fr.mymind.NewsReaderUITests;
				PRODUCT_NAME = "$(TARGET_NAME)";
				TEST_TARGET_NAME = NewsReader;
				USES_XCTRUNNER = YES;
			};
			name = Release;
		};
		B45A81D31B6502F5005323EC /* Debug */ = {
			isa = XCBuildConfiguration;
			buildSettings = {
				COMBINE_HIDPI_IMAGES = YES;
				CURRENT_PROJECT_VERSION = 1;
				DEFINES_MODULE = YES;
				DYLIB_COMPATIBILITY_VERSION = 1;
				DYLIB_CURRENT_VERSION = 1;
				DYLIB_INSTALL_NAME_BASE = "@rpath";
				FRAMEWORK_VERSION = A;
				INFOPLIST_FILE = Lib/Info.plist;
				INSTALL_PATH = "$(LOCAL_LIBRARY_DIR)/Frameworks";
				LD_RUNPATH_SEARCH_PATHS = "$(inherited) @executable_path/../Frameworks @loader_path/Frameworks";
				PRODUCT_BUNDLE_IDENTIFIER = fr.mymind.Lib;
				PRODUCT_NAME = "$(TARGET_NAME)";
				SKIP_INSTALL = YES;
				VERSIONING_SYSTEM = "apple-generic";
				VERSION_INFO_PREFIX = "";
			};
			name = Debug;
		};
		B45A81D41B6502F5005323EC /* Release */ = {
			isa = XCBuildConfiguration;
			buildSettings = {
				COMBINE_HIDPI_IMAGES = YES;
				CURRENT_PROJECT_VERSION = 1;
				DEFINES_MODULE = YES;
				DYLIB_COMPATIBILITY_VERSION = 1;
				DYLIB_CURRENT_VERSION = 1;
				DYLIB_INSTALL_NAME_BASE = "@rpath";
				FRAMEWORK_VERSION = A;
				INFOPLIST_FILE = Lib/Info.plist;
				INSTALL_PATH = "$(LOCAL_LIBRARY_DIR)/Frameworks";
				LD_RUNPATH_SEARCH_PATHS = "$(inherited) @executable_path/../Frameworks @loader_path/Frameworks";
				PRODUCT_BUNDLE_IDENTIFIER = fr.mymind.Lib;
				PRODUCT_NAME = "$(TARGET_NAME)";
				SKIP_INSTALL = YES;
				VERSIONING_SYSTEM = "apple-generic";
				VERSION_INFO_PREFIX = "";
			};
			name = Release;
		};
		B45A81D51B6502F5005323EC /* Debug */ = {
			isa = XCBuildConfiguration;
			buildSettings = {
				COMBINE_HIDPI_IMAGES = YES;
				INFOPLIST_FILE = LibTests/Info.plist;
				LD_RUNPATH_SEARCH_PATHS = "$(inherited) @executable_path/../Frameworks @loader_path/../Frameworks";
				PRODUCT_BUNDLE_IDENTIFIER = fr.mymind.LibTests;
				PRODUCT_NAME = "$(TARGET_NAME)";
				TEST_HOST = "$(BUILT_PRODUCTS_DIR)/NewsReader.app/Contents/MacOS/NewsReader";
			};
			name = Debug;
		};
		B45A81D61B6502F5005323EC /* Release */ = {
			isa = XCBuildConfiguration;
			buildSettings = {
				COMBINE_HIDPI_IMAGES = YES;
				INFOPLIST_FILE = LibTests/Info.plist;
				LD_RUNPATH_SEARCH_PATHS = "$(inherited) @executable_path/../Frameworks @loader_path/../Frameworks";
				PRODUCT_BUNDLE_IDENTIFIER = fr.mymind.LibTests;
				PRODUCT_NAME = "$(TARGET_NAME)";
				TEST_HOST = "$(BUILT_PRODUCTS_DIR)/NewsReader.app/Contents/MacOS/NewsReader";
			};
			name = Release;
		};
		B45A81F71B6503A4005323EC /* Debug */ = {
			isa = XCBuildConfiguration;
			buildSettings = {
				COMBINE_HIDPI_IMAGES = YES;
				CURRENT_PROJECT_VERSION = 1;
				DEFINES_MODULE = YES;
				DYLIB_COMPATIBILITY_VERSION = 1;
				DYLIB_CURRENT_VERSION = 1;
				DYLIB_INSTALL_NAME_BASE = "@rpath";
				FRAMEWORK_VERSION = A;
				INFOPLIST_FILE = News/Info.plist;
				INSTALL_PATH = "$(LOCAL_LIBRARY_DIR)/Frameworks";
				LD_RUNPATH_SEARCH_PATHS = "$(inherited) @executable_path/../Frameworks @loader_path/Frameworks";
				PRODUCT_BUNDLE_IDENTIFIER = fr.mymind.News;
				PRODUCT_NAME = "$(TARGET_NAME)";
				SKIP_INSTALL = YES;
				VERSIONING_SYSTEM = "apple-generic";
				VERSION_INFO_PREFIX = "";
			};
			name = Debug;
		};
		B45A81F81B6503A4005323EC /* Release */ = {
			isa = XCBuildConfiguration;
			buildSettings = {
				COMBINE_HIDPI_IMAGES = YES;
				CURRENT_PROJECT_VERSION = 1;
				DEFINES_MODULE = YES;
				DYLIB_COMPATIBILITY_VERSION = 1;
				DYLIB_CURRENT_VERSION = 1;
				DYLIB_INSTALL_NAME_BASE = "@rpath";
				FRAMEWORK_VERSION = A;
				INFOPLIST_FILE = News/Info.plist;
				INSTALL_PATH = "$(LOCAL_LIBRARY_DIR)/Frameworks";
				LD_RUNPATH_SEARCH_PATHS = "$(inherited) @executable_path/../Frameworks @loader_path/Frameworks";
				PRODUCT_BUNDLE_IDENTIFIER = fr.mymind.News;
				PRODUCT_NAME = "$(TARGET_NAME)";
				SKIP_INSTALL = YES;
				VERSIONING_SYSTEM = "apple-generic";
				VERSION_INFO_PREFIX = "";
			};
			name = Release;
		};
		B45A81FA1B6503A4005323EC /* Debug */ = {
			isa = XCBuildConfiguration;
			buildSettings = {
				COMBINE_HIDPI_IMAGES = YES;
				INFOPLIST_FILE = NewsTests/Info.plist;
				LD_RUNPATH_SEARCH_PATHS = "$(inherited) @executable_path/../Frameworks @loader_path/../Frameworks";
				PRODUCT_BUNDLE_IDENTIFIER = fr.mymind.NewsTests;
				PRODUCT_NAME = "$(TARGET_NAME)";
				TEST_HOST = "$(BUILT_PRODUCTS_DIR)/NewsReader.app/Contents/MacOS/NewsReader";
			};
			name = Debug;
		};
		B45A81FB1B6503A4005323EC /* Release */ = {
			isa = XCBuildConfiguration;
			buildSettings = {
				COMBINE_HIDPI_IMAGES = YES;
				INFOPLIST_FILE = NewsTests/Info.plist;
				LD_RUNPATH_SEARCH_PATHS = "$(inherited) @executable_path/../Frameworks @loader_path/../Frameworks";
				PRODUCT_BUNDLE_IDENTIFIER = fr.mymind.NewsTests;
				PRODUCT_NAME = "$(TARGET_NAME)";
				TEST_HOST = "$(BUILT_PRODUCTS_DIR)/NewsReader.app/Contents/MacOS/NewsReader";
			};
			name = Release;
		};
/* End XCBuildConfiguration section */

/* Begin XCConfigurationList section */
		B442B9341B5519E60088FA0F /* Build configuration list for PBXProject "NewsReader" */ = {
			isa = XCConfigurationList;
			buildConfigurations = (
				B442B95A1B5519E60088FA0F /* Debug */,
				B442B95B1B5519E60088FA0F /* Release */,
			);
			defaultConfigurationIsVisible = 0;
			defaultConfigurationName = Release;
		};
		B442B95C1B5519E60088FA0F /* Build configuration list for PBXNativeTarget "NewsReader" */ = {
			isa = XCConfigurationList;
			buildConfigurations = (
				B442B95D1B5519E60088FA0F /* Debug */,
				B442B95E1B5519E60088FA0F /* Release */,
			);
			defaultConfigurationIsVisible = 0;
			defaultConfigurationName = Release;
		};
		B442B95F1B5519E60088FA0F /* Build configuration list for PBXNativeTarget "NewsReaderTests" */ = {
			isa = XCConfigurationList;
			buildConfigurations = (
				B442B9601B5519E60088FA0F /* Debug */,
				B442B9611B5519E60088FA0F /* Release */,
			);
			defaultConfigurationIsVisible = 0;
			defaultConfigurationName = Release;
		};
		B442B9621B5519E60088FA0F /* Build configuration list for PBXNativeTarget "NewsReaderUITests" */ = {
			isa = XCConfigurationList;
			buildConfigurations = (
				B442B9631B5519E60088FA0F /* Debug */,
				B442B9641B5519E60088FA0F /* Release */,
			);
			defaultConfigurationIsVisible = 0;
			defaultConfigurationName = Release;
		};
		B45A81D71B6502F5005323EC /* Build configuration list for PBXNativeTarget "Lib" */ = {
			isa = XCConfigurationList;
			buildConfigurations = (
				B45A81D31B6502F5005323EC /* Debug */,
				B45A81D41B6502F5005323EC /* Release */,
			);
			defaultConfigurationIsVisible = 0;
			defaultConfigurationName = Release;
		};
		B45A81D91B6502F5005323EC /* Build configuration list for PBXNativeTarget "LibTests" */ = {
			isa = XCConfigurationList;
			buildConfigurations = (
				B45A81D51B6502F5005323EC /* Debug */,
				B45A81D61B6502F5005323EC /* Release */,
			);
			defaultConfigurationIsVisible = 0;
			defaultConfigurationName = Release;
		};
		B45A81F61B6503A4005323EC /* Build configuration list for PBXNativeTarget "News" */ = {
			isa = XCConfigurationList;
			buildConfigurations = (
				B45A81F71B6503A4005323EC /* Debug */,
				B45A81F81B6503A4005323EC /* Release */,
			);
			defaultConfigurationIsVisible = 0;
			defaultConfigurationName = Release;
		};
		B45A81F91B6503A4005323EC /* Build configuration list for PBXNativeTarget "NewsTests" */ = {
			isa = XCConfigurationList;
			buildConfigurations = (
				B45A81FA1B6503A4005323EC /* Debug */,
				B45A81FB1B6503A4005323EC /* Release */,
			);
			defaultConfigurationIsVisible = 0;
			defaultConfigurationName = Release;
		};
/* End XCConfigurationList section */
	};
	rootObject = B442B9311B5519E60088FA0F /* Project object */;
}
